
Microsoft Visual Studio Solution File, Format Version 12.00
# Visual Studio Version 16
VisualStudioVersion = 16.0.29509.3
MinimumVisualStudioVersion = 10.0.40219.1
Project("{FAE04EC0-301F-11D3-BF4B-00C04F79EFBC}") = "RealManager", "RealManager\RealManager.csproj", "{546CF75E-21C8-47F8-8034-BF3EC10AF55C}"
EndProject
Global
	GlobalSection(SolutionConfigurationPlatforms) = preSolution
		Debug|Any CPU = Debug|Any CPU
		Release|Any CPU = Release|Any CPU
	EndGlobalSection
	GlobalSection(ProjectConfigurationPlatforms) = postSolution
		{546CF75E-21C8-47F8-8034-BF3EC10AF55C}.Debug|Any CPU.ActiveCfg = Debug|Any CPU
		{546CF75E-21C8-47F8-8034-BF3EC10AF55C}.Debug|Any CPU.Build.0 = Debug|Any CPU
		{546CF75E-21C8-47F8-8034-BF3EC10AF55C}.Release|Any CPU.ActiveCfg = Release|Any CPU
		{546CF75E-21C8-47F8-8034-BF3EC10AF55C}.Release|Any CPU.Build.0 = Release|Any CPU
	EndGlobalSection
	GlobalSection(SolutionProperties) = preSolution
		HideSolutionNode = FALSE
	EndGlobalSection
	GlobalSection(ExtensibilityGlobals) = postSolution
		SolutionGuid = {9C66680D-CB36-427B-86AA-FF662F88E568}
	EndGlobalSection
EndGlobal
